
Microsoft Visual Studio Solution File, Format Version 12.00
# Visual Studio 2013
VisualStudioVersion = 12.0.21005.1
MinimumVisualStudioVersion = 10.0.40219.1
Project("{FAE04EC0-301F-11D3-BF4B-00C04F79EFBC}") = "DSPAlgorithms", "DSPComponents\DSPAlgorithms.csproj", "{7A3B0C0A-5154-4C6F-A5A0-A731F83F736C}"
EndProject
Project("{FAE04EC0-301F-11D3-BF4B-00C04F79EFBC}") = "DSPUI", "DSPUI\DSPUI.csproj", "{9EC5690A-436E-4ED9-A0A2-42A7249CD97C}"
EndProject
Project("{FAE04EC0-301F-11D3-BF4B-00C04F79EFBC}") = "DSPComponentsUnitTest", "DSPComponentsUnitTest\DSPComponentsUnitTest.csproj", "{7BE8D9CC-4C76-43A1-AEE1-09333F5796C5}"
EndProject
Global
	GlobalSection(SolutionConfigurationPlatforms) = preSolution
		Debug|Any CPU = Debug|Any CPU
		Release|Any CPU = Release|Any CPU
	EndGlobalSection
	GlobalSection(ProjectConfigurationPlatforms) = postSolution
		{7A3B0C0A-5154-4C6F-A5A0-A731F83F736C}.Debug|Any CPU.ActiveCfg = Debug|Any CPU
		{7A3B0C0A-5154-4C6F-A5A0-A731F83F736C}.Debug|Any CPU.Build.0 = Debug|Any CPU
		{7A3B0C0A-5154-4C6F-A5A0-A731F83F736C}.Release|Any CPU.ActiveCfg = Release|Any CPU
		{7A3B0C0A-5154-4C6F-A5A0-A731F83F736C}.Release|Any CPU.Build.0 = Release|Any CPU
		{9EC5690A-436E-4ED9-A0A2-42A7249CD97C}.Debug|Any CPU.ActiveCfg = Debug|Any CPU
		{9EC5690A-436E-4ED9-A0A2-42A7249CD97C}.Debug|Any CPU.Build.0 = Debug|Any CPU
		{9EC5690A-436E-4ED9-A0A2-42A7249CD97C}.Release|Any CPU.ActiveCfg = Release|Any CPU
		{9EC5690A-436E-4ED9-A0A2-42A7249CD97C}.Release|Any CPU.Build.0 = Release|Any CPU
		{7BE8D9CC-4C76-43A1-AEE1-09333F5796C5}.Debug|Any CPU.ActiveCfg = Debug|Any CPU
		{7BE8D9CC-4C76-43A1-AEE1-09333F5796C5}.Debug|Any CPU.Build.0 = Debug|Any CPU
		{7BE8D9CC-4C76-43A1-AEE1-09333F5796C5}.Release|Any CPU.ActiveCfg = Release|Any CPU
		{7BE8D9CC-4C76-43A1-AEE1-09333F5796C5}.Release|Any CPU.Build.0 = Release|Any CPU
	EndGlobalSection
	GlobalSection(SolutionProperties) = preSolution
		HideSolutionNode = FALSE
	EndGlobalSection
EndGlobal
